
Microsoft Visual Studio Solution File, Format Version 12.00
# Visual Studio Version 16
VisualStudioVersion = 16.0.32901.82
MinimumVisualStudioVersion = 10.0.40219.1
Project("{FAE04EC0-301F-11D3-BF4B-00C04F79EFBC}") = "K191273_Q1", "K191273_Q1\K191273_Q1.csproj", "{052B73B3-CF19-43C6-8911-7B87FA66AD7F}"
EndProject
Global
	GlobalSection(SolutionConfigurationPlatforms) = preSolution
		Debug|Any CPU = Debug|Any CPU
		Release|Any CPU = Release|Any CPU
	EndGlobalSection
	GlobalSection(ProjectConfigurationPlatforms) = postSolution
		{052B73B3-CF19-43C6-8911-7B87FA66AD7F}.Debug|Any CPU.ActiveCfg = Debug|Any CPU
		{052B73B3-CF19-43C6-8911-7B87FA66AD7F}.Debug|Any CPU.Build.0 = Debug|Any CPU
		{052B73B3-CF19-43C6-8911-7B87FA66AD7F}.Release|Any CPU.ActiveCfg = Release|Any CPU
		{052B73B3-CF19-43C6-8911-7B87FA66AD7F}.Release|Any CPU.Build.0 = Release|Any CPU
	EndGlobalSection
	GlobalSection(SolutionProperties) = preSolution
		HideSolutionNode = FALSE
	EndGlobalSection
	GlobalSection(ExtensibilityGlobals) = postSolution
		SolutionGuid = {606F7260-EF68-489B-BD99-E0959E86C52B}
	EndGlobalSection
EndGlobal
